version: "1.5"
description: Sordum's DNS Lock. Keep DNS configuration constant.
homepage: https://www.sordum.org/9432/
license:
  identifier: Freeware
  url: https://www.sordum.org/eula/
url: https://www.sordum.org/files/download/dns-lock/DNS-Lock.zip
hash: 9a30abb7b9b67482f7bfa53755fc56f2ef19ce2821d3eb85e7dd95180dec87e2
extract_dir: DNS-Lock
architecture:
  64bit:
    bin:
    - DNS-Lock_x64.exe
    - - DNS-Lock_x64.exe
      - DNS-Lock
    shortcuts:
    - - DNS-Lock_x64.exe
      - Sordum\DNS Lock
  32bit:
    bin: DNS-Lock.exe
    shortcuts:
    - - DNS-Lock.exe
      - Sordum\DNS Lock
checkver: Dns Lock\s*v([\d.]+)
autoupdate:
  url: https://www.sordum.org/files/download/dns-lock/DNS-Lock.zip
